// !$*UTF8*$!
{
	archiveVersion = 1;
	classes = {
	};
	objectVersion = 48;
	objects = {

/* Begin PBXBuildFile section */
		CA36F885208C164500808CAF /* AppDelegate.m in Sources */ = {isa = PBXBuildFile; fileRef = CA36F884208C164500808CAF /* AppDelegate.m */; };
		CA36F888208C164500808CAF /* FirstViewController.m in Sources */ = {isa = PBXBuildFile; fileRef = CA36F887208C164500808CAF /* FirstViewController.m */; };
		CA36F88B208C164500808CAF /* SecondViewController.m in Sources */ = {isa = PBXBuildFile; fileRef = CA36F88A208C164500808CAF /* SecondViewController.m */; };
		CA36F88E208C164500808CAF /* Main.storyboard in Resources */ = {isa = PBXBuildFile; fileRef = CA36F88C208C164500808CAF /* Main.storyboard */; };
		CA36F890208C164500808CAF /* Assets.xcassets in Resources */ = {isa = PBXBuildFile; fileRef = CA36F88F208C164500808CAF /* Assets.xcassets */; };
		CA36F893208C164500808CAF /* LaunchScreen.storyboard in Resources */ = {isa = PBXBuildFile; fileRef = CA36F891208C164500808CAF /* LaunchScreen.storyboard */; };
		CA36F896208C164500808CAF /* main.m in Sources */ = {isa = PBXBuildFile; fileRef = CA36F895208C164500808CAF /* main.m */; };
/* End PBXBuildFile section */

/* Begin PBXFileReference section */
		CA36F880208C164500808CAF /* KVOAssignment.app */ = {isa = PBXFileReference; explicitFileType = wrapper.application; includeInIndex = 0; path = KVOAssignment.app; sourceTree = BUILT_PRODUCTS_DIR; };
		CA36F883208C164500808CAF /* AppDelegate.h */ = {isa = PBXFileReference; lastKnownFileType = sourcecode.c.h; path = AppDelegate.h; sourceTree = "<group>"; };
		CA36F884208C164500808CAF /* AppDelegate.m */ = {isa = PBXFileReference; lastKnownFileType = sourcecode.c.objc; path = AppDelegate.m; sourceTree = "<group>"; };
		CA36F886208C164500808CAF /* FirstViewController.h */ = {isa = PBXFileReference; lastKnownFileType = sourcecode.c.h; path = FirstViewController.h; sourceTree = "<group>"; };
		CA36F887208C164500808CAF /* FirstViewController.m */ = {isa = PBXFileReference; lastKnownFileType = sourcecode.c.objc; path = FirstViewController.m; sourceTree = "<group>"; };
		CA36F889208C164500808CAF /* SecondViewController.h */ = {isa = PBXFileReference; lastKnownFileType = sourcecode.c.h; path = SecondViewController.h; sourceTree = "<group>"; };
		CA36F88A208C164500808CAF /* SecondViewController.m */ = {isa = PBXFileReference; lastKnownFileType = sourcecode.c.objc; path = SecondViewController.m; sourceTree = "<group>"; };
		CA36F88D208C164500808CAF /* Base */ = {isa = PBXFileReference; lastKnownFileType = file.storyboard; name = Base; path = Base.lproj/Main.storyboard; sourceTree = "<group>"; };
		CA36F88F208C164500808CAF /* Assets.xcassets */ = {isa = PBXFileReference; lastKnownFileType = folder.assetcatalog; path = Assets.xcassets; sourceTree = "<group>"; };
		CA36F892208C164500808CAF /* Base */ = {isa = PBXFileReference; lastKnownFileType = file.storyboard; name = Base; path = Base.lproj/LaunchScreen.storyboard; sourceTree = "<group>"; };
		CA36F894208C164500808CAF /* Info.plist */ = {isa = PBXFileReference; lastKnownFileType = text.plist.xml; path = Info.plist; sourceTree = "<group>"; };
		CA36F895208C164500808CAF /* main.m */ = {isa = PBXFileReference; lastKnownFileType = sourcecode.c.objc; path = main.m; sourceTree = "<group>"; };
/* End PBXFileReference section */

/* Begin PBXFrameworksBuildPhase section */
		CA36F87D208C164500808CAF /* Frameworks */ = {
			isa = PBXFrameworksBuildPhase;
			buildActionMask = 2147483647;
			files = (
			);
			runOnlyForDeploymentPostprocessing = 0;
		};
/* End PBXFrameworksBuildPhase section */

/* Begin PBXGroup section */
		CA36F877208C164500808CAF = {
			isa = PBXGroup;
			children = (
				CA36F882208C164500808CAF /* KVOAssignment */,
				CA36F881208C164500808CAF /* Products */,
			);
			sourceTree = "<group>";
		};
		CA36F881208C164500808CAF /* Products */ = {
			isa = PBXGroup;
			children = (
				CA36F880208C164500808CAF /* KVOAssignment.app */,
			);
			name = Products;
			sourceTree = "<group>";
		};
		CA36F882208C164500808CAF /* KVOAssignment */ = {
			isa = PBXGroup;
			children = (
				CA36F883208C164500808CAF /* AppDelegate.h */,
				CA36F884208C164500808CAF /* AppDelegate.m */,
				CA36F886208C164500808CAF /* FirstViewController.h */,
				CA36F887208C164500808CAF /* FirstViewController.m */,
				CA36F889208C164500808CAF /* SecondViewController.h */,
				CA36F88A208C164500808CAF /* SecondViewController.m */,
				CA36F88C208C164500808CAF /* Main.storyboard */,
				CA36F88F208C164500808CAF /* Assets.xcassets */,
				CA36F891208C164500808CAF /* LaunchScreen.storyboard */,
				CA36F894208C164500808CAF /* Info.plist */,
				CA36F895208C164500808CAF /* main.m */,
			);
			path = KVOAssignment;
			sourceTree = "<group>";
		};
/* End PBXGroup section */

/* Begin PBXNativeTarget section */
		CA36F87F208C164500808CAF /* KVOAssignment */ = {
			isa = PBXNativeTarget;
			buildConfigurationList = CA36F899208C164500808CAF /* Build configuration list for PBXNativeTarget "KVOAssignment" */;
			buildPhases = (
				CA36F87C208C164500808CAF /* Sources */,
				CA36F87D208C164500808CAF /* Frameworks */,
				CA36F87E208C164500808CAF /* Resources */,
			);
			buildRules = (
			);
			dependencies = (
			);
			name = KVOAssignment;
			productName = KVOAssignment;
			productReference = CA36F880208C164500808CAF /* KVOAssignment.app */;
			productType = "com.apple.product-type.application";
		};
/* End PBXNativeTarget section */

/* Begin PBXProject section */
		CA36F878208C164500808CAF /* Project object */ = {
			isa = PBXProject;
			attributes = {
				LastUpgradeCheck = 0920;
				ORGANIZATIONNAME = "Alejandro Zielinsky";
				TargetAttributes = {
					CA36F87F208C164500808CAF = {
						CreatedOnToolsVersion = 9.2;
						ProvisioningStyle = Automatic;
					};
				};
			};
			buildConfigurationList = CA36F87B208C164500808CAF /* Build configuration list for PBXProject "KVOAssignment" */;
			compatibilityVersion = "Xcode 8.0";
			developmentRegion = en;
			hasScannedForEncodings = 0;
			knownRegions = (
				en,
				Base,
			);
			mainGroup = CA36F877208C164500808CAF;
			productRefGroup = CA36F881208C164500808CAF /* Products */;
			projectDirPath = "";
			projectRoot = "";
			targets = (
				CA36F87F208C164500808CAF /* KVOAssignment */,
			);
		};
/* End PBXProject section */

/* Begin PBXResourcesBuildPhase section */
		CA36F87E208C164500808CAF /* Resources */ = {
			isa = PBXResourcesBuildPhase;
			buildActionMask = 2147483647;
			files = (
				CA36F893208C164500808CAF /* LaunchScreen.storyboard in Resources */,
				CA36F890208C164500808CAF /* Assets.xcassets in Resources */,
				CA36F88E208C164500808CAF /* Main.storyboard in Resources */,
			);
			runOnlyForDeploymentPostprocessing = 0;
		};
/* End PBXResourcesBuildPhase section */

/* Begin PBXSourcesBuildPhase section */
		CA36F87C208C164500808CAF /* Sources */ = {
			isa = PBXSourcesBuildPhase;
			buildActionMask = 2147483647;
			files = (
				CA36F88B208C164500808CAF /* SecondViewController.m in Sources */,
				CA36F885208C164500808CAF /* AppDelegate.m in Sources */,
				CA36F896208C164500808CAF /* main.m in Sources */,
				CA36F888208C164500808CAF /* FirstViewController.m in Sources */,
			);
			runOnlyForDeploymentPostprocessing = 0;
		};
/* End PBXSourcesBuildPhase section */

/* Begin PBXVariantGroup section */
		CA36F88C208C164500808CAF /* Main.storyboard */ = {
			isa = PBXVariantGroup;
			children = (
				CA36F88D208C164500808CAF /* Base */,
			);
			name = Main.storyboard;
			sourceTree = "<group>";
		};
		CA36F891208C164500808CAF /* LaunchScreen.storyboard */ = {
			isa = PBXVariantGroup;
			children = (
				CA36F892208C164500808CAF /* Base */,
			);
			name = LaunchScreen.storyboard;
			sourceTree = "<group>";
		};
/* End PBXVariantGroup section */

/* Begin XCBuildConfiguration section */
		CA36F897208C164500808CAF /* Debug */ = {
			isa = XCBuildConfiguration;
			buildSettings = {
				ALWAYS_SEARCH_USER_PATHS = NO;
				CLANG_ANALYZER_NONNULL = YES;
				CLANG_ANALYZER_NUMBER_OBJECT_CONVERSION = YES_AGGRESSIVE;
				CLANG_CXX_LANGUAGE_STANDARD = "gnu++14";
				CLANG_CXX_LIBRARY = "libc++";
				CLANG_ENABLE_MODULES = YES;
				CLANG_ENABLE_OBJC_ARC = YES;
				CLANG_WARN_BLOCK_CAPTURE_AUTORELEASING = YES;
				CLANG_WARN_BOOL_CONVERSION = YES;
				CLANG_WARN_COMMA = YES;
				CLANG_WARN_CONSTANT_CONVERSION = YES;
				CLANG_WARN_DIRECT_OBJC_ISA_USAGE = YES_ERROR;
				CLANG_WARN_DOCUMENTATION_COMMENTS = YES;
				CLANG_WARN_EMPTY_BODY = YES;
				CLANG_WARN_ENUM_CONVERSION = YES;
				CLANG_WARN_INFINITE_RECURSION = YES;
				CLANG_WARN_INT_CONVERSION = YES;
				CLANG_WARN_NON_LITERAL_NULL_CONVERSION = YES;
				CLANG_WARN_OBJC_LITERAL_CONVERSION = YES;
				CLANG_WARN_OBJC_ROOT_CLASS = YES_ERROR;
				CLANG_WARN_RANGE_LOOP_ANALYSIS = YES;
				CLANG_WARN_STRICT_PROTOTYPES = YES;
				CLANG_WARN_SUSPICIOUS_MOVE = YES;
				CLANG_WARN_UNGUARDED_AVAILABILITY = YES_AGGRESSIVE;
				CLANG_WARN_UNREACHABLE_CODE = YES;
				CLANG_WARN__DUPLICATE_METHOD_MATCH = YES;
				CODE_SIGN_IDENTITY = "iPhone Developer";
				COPY_PHASE_STRIP = NO;
				DEBUG_INFORMATION_FORMAT = dwarf;
				ENABLE_STRICT_OBJC_MSGSEND = YES;
				ENABLE_TESTABILITY = YES;
				GCC_C_LANGUAGE_STANDARD = gnu11;
				GCC_DYNAMIC_NO_PIC = NO;
				GCC_NO_COMMON_BLOCKS = YES;
				GCC_OPTIMIZATION_LEVEL = 0;
				GCC_PREPROCESSOR_DEFINITIONS = (
					"DEBUG=1",
					"$(inherited)",
				);
				GCC_WARN_64_TO_32_BIT_CONVERSION = YES;
				GCC_WARN_ABOUT_RETURN_TYPE = YES_ERROR;
				GCC_WARN_UNDECLARED_SELECTOR = YES;
				GCC_WARN_UNINITIALIZED_AUTOS = YES_AGGRESSIVE;
				GCC_WARN_UNUSED_FUNCTION = YES;
				GCC_WARN_UNUSED_VARIABLE = YES;
				IPHONEOS_DEPLOYMENT_TARGET = 11.2;
				MTL_ENABLE_DEBUG_INFO = YES;
				ONLY_ACTIVE_ARCH = YES;
				SDKROOT = iphoneos;
			};
			name = Debug;
		};
		CA36F898208C164500808CAF /* Release */ = {
			isa = XCBuildConfiguration;
			buildSettings = {
				ALWAYS_SEARCH_USER_PATHS = NO;
				CLANG_ANALYZER_NONNULL = YES;
				CLANG_ANALYZER_NUMBER_OBJECT_CONVERSION = YES_AGGRESSIVE;
				CLANG_CXX_LANGUAGE_STANDARD = "gnu++14";
				CLANG_CXX_LIBRARY = "libc++";
				CLANG_ENABLE_MODULES = YES;
				CLANG_ENABLE_OBJC_ARC = YES;
				CLANG_WARN_BLOCK_CAPTURE_AUTORELEASING = YES;
				CLANG_WARN_BOOL_CONVERSION = YES;
				CLANG_WARN_COMMA = YES;
				CLANG_WARN_CONSTANT_CONVERSION = YES;
				CLANG_WARN_DIRECT_OBJC_ISA_USAGE = YES_ERROR;
				CLANG_WARN_DOCUMENTATION_COMMENTS = YES;
				CLANG_WARN_EMPTY_BODY = YES;
				CLANG_WARN_ENUM_CONVERSION = YES;
				CLANG_WARN_INFINITE_RECURSION = YES;
				CLANG_WARN_INT_CONVERSION = YES;
				CLANG_WARN_NON_LITERAL_NULL_CONVERSION = YES;
				CLANG_WARN_OBJC_LITERAL_CONVERSION = YES;
				CLANG_WARN_OBJC_ROOT_CLASS = YES_ERROR;
				CLANG_WARN_RANGE_LOOP_ANALYSIS = YES;
				CLANG_WARN_STRICT_PROTOTYPES = YES;
				CLANG_WARN_SUSPICIOUS_MOVE = YES;
				CLANG_WARN_UNGUARDED_AVAILABILITY = YES_AGGRESSIVE;
				CLANG_WARN_UNREACHABLE_CODE = YES;
				CLANG_WARN__DUPLICATE_METHOD_MATCH = YES;
				CODE_SIGN_IDENTITY = "iPhone Developer";
				COPY_PHASE_STRIP = NO;
				DEBUG_INFORMATION_FORMAT = "dwarf-with-dsym";
				ENABLE_NS_ASSERTIONS = NO;
				ENABLE_STRICT_OBJC_MSGSEND = YES;
				GCC_C_LANGUAGE_STANDARD = gnu11;
				GCC_NO_COMMON_BLOCKS = YES;
				GCC_WARN_64_TO_32_BIT_CONVERSION = YES;
				GCC_WARN_ABOUT_RETURN_TYPE = YES_ERROR;
				GCC_WARN_UNDECLARED_SELECTOR = YES;
				GCC_WARN_UNINITIALIZED_AUTOS = YES_AGGRESSIVE;
				GCC_WARN_UNUSED_FUNCTION = YES;
				GCC_WARN_UNUSED_VARIABLE = YES;
				IPHONEOS_DEPLOYMENT_TARGET = 11.2;
				MTL_ENABLE_DEBUG_INFO = NO;
				SDKROOT = iphoneos;
				VALIDATE_PRODUCT = YES;
			};
			name = Release;
		};
		CA36F89A208C164500808CAF /* Debug */ = {
			isa = XCBuildConfiguration;
			buildSettings = {
				ASSETCATALOG_COMPILER_APPICON_NAME = AppIcon;
				CODE_SIGN_STYLE = Automatic;
				DEVELOPMENT_TEAM = N8EE67V363;
				INFOPLIST_FILE = KVOAssignment/Info.plist;
				LD_RUNPATH_SEARCH_PATHS = "$(inherited) @executable_path/Frameworks";
				PRODUCT_BUNDLE_IDENTIFIER = com.AleZ.KVOAssignment;
				PRODUCT_NAME = "$(TARGET_NAME)";
				TARGETED_DEVICE_FAMILY = "1,2";
			};
			name = Debug;
		};
		CA36F89B208C164500808CAF /* Release */ = {
			isa = XCBuildConfiguration;
			buildSettings = {
				ASSETCATALOG_COMPILER_APPICON_NAME = AppIcon;
				CODE_SIGN_STYLE = Automatic;
				DEVELOPMENT_TEAM = N8EE67V363;
				INFOPLIST_FILE = KVOAssignment/Info.plist;
				LD_RUNPATH_SEARCH_PATHS = "$(inherited) @executable_path/Frameworks";
				PRODUCT_BUNDLE_IDENTIFIER = com.AleZ.KVOAssignment;
				PRODUCT_NAME = "$(TARGET_NAME)";
				TARGETED_DEVICE_FAMILY = "1,2";
			};
			name = Release;
		};
/* End XCBuildConfiguration section */

/* Begin XCConfigurationList section */
		CA36F87B208C164500808CAF /* Build configuration list for PBXProject "KVOAssignment" */ = {
			isa = XCConfigurationList;
			buildConfigurations = (
				CA36F897208C164500808CAF /* Debug */,
				CA36F898208C164500808CAF /* Release */,
			);
			defaultConfigurationIsVisible = 0;
			defaultConfigurationName = Release;
		};
		CA36F899208C164500808CAF /* Build configuration list for PBXNativeTarget "KVOAssignment" */ = {
			isa = XCConfigurationList;
			buildConfigurations = (
				CA36F89A208C164500808CAF /* Debug */,
				CA36F89B208C164500808CAF /* Release */,
			);
			defaultConfigurationIsVisible = 0;
			defaultConfigurationName = Release;
		};
/* End XCConfigurationList section */
	};
	rootObject = CA36F878208C164500808CAF /* Project object */;
}
